<?xml version="1.0" encoding="utf-8"?>
<Project ToolsVersion="4.0" xmlns="http://schemas.microsoft.com/developer/msbuild/2003">
  <ItemGroup>
    <ClCompile Include="main.cpp" />
    <ClCompile Include="dx\DXBase.cpp">
      <Filter>dx</Filter>
    </ClCompile>
    <ClCompile Include="dx\factory\Factory.cpp">
      <Filter>dx\factory</Filter>
    </ClCompile>
    <ClCompile Include="dx\factory\Device.cpp">
      <Filter>dx\factory</Filter>
    </ClCompile>
    <ClCompile Include="dx\factory\CommandQueue.cpp">
      <Filter>dx\factory</Filter>
    </ClCompile>
    <ClCompile Include="dx\factory\SwapChain.cpp">
      <Filter>dx\factory</Filter>
    </ClCompile>
    <ClCompile Include="dx\factory\CommandList.cpp">
      <Filter>dx\factory</Filter>
    </ClCompile>
    <ClCompile Include="dx\factory\CommandAllocator.cpp">
      <Filter>dx\factory</Filter>
    </ClCompile>
    <ClCompile Include="dx\factory\RenderTargets.cpp">
      <Filter>dx\factory</Filter>
    </ClCompile>
    <ClCompile Include="dx\factory\HeapRtv.cpp">
      <Filter>dx\factory</Filter>
    </ClCompile>
    <ClCompile Include="dx\factory\Fence.cpp">
      <Filter>dx\factory</Filter>
    </ClCompile>
    <ClCompile Include="dx\factory\HeapDsv.cpp">
      <Filter>dx\factory</Filter>
    </ClCompile>
    <ClCompile Include="dx\factory\DepthBuffer.cpp">
      <Filter>dx\factory</Filter>
    </ClCompile>
    <ClCompile Include="dx\factory\ComittedResource.cpp">
      <Filter>dx\factory</Filter>
    </ClCompile>
    <ClCompile Include="dx\factory\HeapSrv.cpp">
      <Filter>dx\factory</Filter>
    </ClCompile>
    <ClCompile Include="dx\renderer\Polygon.cpp">
      <Filter>dx\renderer</Filter>
    </ClCompile>
    <ClCompile Include="dx\shader\VertexShader.cpp">
      <Filter>dx\shader</Filter>
    </ClCompile>
    <ClCompile Include="dx\shader\PixelShader.cpp">
      <Filter>dx\shader</Filter>
    </ClCompile>
    <ClCompile Include="dx\renderer\rootsignature\RootSignature.cpp">
      <Filter>dx\renderer\rootsignature</Filter>
    </ClCompile>
    <ClCompile Include="dx\renderer\pipeline\PipelineState.cpp">
      <Filter>dx\renderer\pipeline</Filter>
    </ClCompile>
    <ClCompile Include="dx\renderer\TexturePolygon.cpp">
      <Filter>dx\renderer</Filter>
    </ClCompile>
    <ClCompile Include="logger\Logger.cpp">
      <Filter>logger</Filter>
    </ClCompile>
    <ClCompile Include="dx\CommandExecutor.cpp">
      <Filter>dx</Filter>
    </ClCompile>
    <ClCompile Include="dx\renderer\texture\Texture.cpp">
      <Filter>dx\renderer\texture</Filter>
    </ClCompile>
    <ClCompile Include="dx\renderer\texture\TextureBuffer.cpp">
      <Filter>dx\renderer\texture</Filter>
    </ClCompile>
    <ClCompile Include="dx\renderer\IndexBuffer.cpp">
      <Filter>dx\renderer</Filter>
    </ClCompile>
    <ClCompile Include="dx\renderer\VertexBuffer.cpp">
      <Filter>dx\renderer</Filter>
    </ClCompile>
    <ClCompile Include="dx\ModelFactory.cpp">
      <Filter>dx</Filter>
    </ClCompile>
    <ClCompile Include="dx\renderer\Vertices.cpp">
      <Filter>dx\renderer</Filter>
    </ClCompile>
    <ClCompile Include="dx\model\pmd.cpp">
      <Filter>dx\model</Filter>
    </ClCompile>
    <ClCompile Include="dx\renderer\Model.cpp">
      <Filter>dx\renderer</Filter>
    </ClCompile>
    <ClCompile Include="dx\model\pmx.cpp">
      <Filter>dx\model</Filter>
    </ClCompile>
    <ClCompile Include="dx\model\pmx\Header.cpp">
      <Filter>dx\model\pmx</Filter>
    </ClCompile>
    <ClCompile Include="dx\model\pmx\VertexData.cpp">
      <Filter>dx\model\pmx</Filter>
    </ClCompile>
    <ClCompile Include="dx\model\pmx\IWeight.cpp">
      <Filter>dx\model\pmx</Filter>
    </ClCompile>
    <ClCompile Include="dx\model\pmx\PmxName.cpp">
      <Filter>dx\model\pmx</Filter>
    </ClCompile>
    <ClCompile Include="dx\model\pmx\PmxMaterial.cpp">
      <Filter>dx\model\pmx</Filter>
    </ClCompile>
    <ClCompile Include="dx\model\pmx\PmxVariable.cpp">
      <Filter>dx\model\pmx</Filter>
    </ClCompile>
    <ClCompile Include="dx\model\pmx\PmxBone.cpp">
      <Filter>dx\model\pmx</Filter>
    </ClCompile>
    <ClCompile Include="dx\model\pmx\PmxMorf.cpp">
      <Filter>dx\model\pmx</Filter>
    </ClCompile>
    <ClCompile Include="dx\model\pmx\morf\BoneMorf.cpp">
      <Filter>dx\model\pmx\morf</Filter>
    </ClCompile>
    <ClCompile Include="dx\model\pmx\morf\GroupMorf.cpp">
      <Filter>dx\model\pmx\morf</Filter>
    </ClCompile>
    <ClCompile Include="dx\model\pmx\morf\MaterialMorf.cpp">
      <Filter>dx\model\pmx\morf</Filter>
    </ClCompile>
    <ClCompile Include="dx\model\pmx\morf\MorfFactory.cpp">
      <Filter>dx\model\pmx\morf</Filter>
    </ClCompile>
    <ClCompile Include="dx\model\pmx\morf\UVMorf.cpp">
      <Filter>dx\model\pmx\morf</Filter>
    </ClCompile>
    <ClCompile Include="dx\model\pmx\morf\VertexMorf.cpp">
      <Filter>dx\model\pmx\morf</Filter>
    </ClCompile>
    <ClCompile Include="dx\model\pmx\PmxDisplayFrame.cpp">
      <Filter>dx\model\pmx</Filter>
    </ClCompile>
    <ClCompile Include="dx\model\pmx\PmxJoint.cpp">
      <Filter>dx\model\pmx</Filter>
    </ClCompile>
    <ClCompile Include="dx\model\pmx\PmxRigidBody.cpp">
      <Filter>dx\model\pmx</Filter>
    </ClCompile>
  </ItemGroup>
  <ItemGroup>
    <Filter Include="logger">
      <UniqueIdentifier>{93bcd34f-0b61-41f5-9e7e-fd95526b3136}</UniqueIdentifier>
    </Filter>
    <Filter Include="dx">
      <UniqueIdentifier>{24c7f285-97ee-4919-af45-6b910f0a07b8}</UniqueIdentifier>
    </Filter>
    <Filter Include="dx\factory">
      <UniqueIdentifier>{134b8745-ff3a-49c6-bd51-41fc8fca1afe}</UniqueIdentifier>
    </Filter>
    <Filter Include="dx\renderer">
      <UniqueIdentifier>{94634b28-dc26-47e4-ade8-e08cc8f18f7b}</UniqueIdentifier>
    </Filter>
    <Filter Include="dx\shader">
      <UniqueIdentifier>{cef55273-4583-4883-a430-7e31da2d1846}</UniqueIdentifier>
    </Filter>
    <Filter Include="dx\renderer\rootsignature">
      <UniqueIdentifier>{4cc549a3-9fab-4e05-9010-e3ba23868e8e}</UniqueIdentifier>
    </Filter>
    <Filter Include="dx\renderer\pipeline">
      <UniqueIdentifier>{039381a8-c86b-4102-9d5f-f80815e51796}</UniqueIdentifier>
    </Filter>
    <Filter Include="dx\renderer\texture">
      <UniqueIdentifier>{d65b51b3-55aa-45ee-a0b7-3c7ebde40fb2}</UniqueIdentifier>
    </Filter>
    <Filter Include="dx\model">
      <UniqueIdentifier>{b9f2e8d3-590f-4e83-b4aa-71d61de2f8b5}</UniqueIdentifier>
    </Filter>
    <Filter Include="dx\model\pmx">
      <UniqueIdentifier>{d496db3a-cdb1-4123-af83-c216084f9642}</UniqueIdentifier>
    </Filter>
    <Filter Include="dx\model\pmx\morf">
      <UniqueIdentifier>{13be2132-6a7d-442a-bb7c-86a96137bb18}</UniqueIdentifier>
    </Filter>
  </ItemGroup>
  <ItemGroup>
    <ClInclude Include="dx\DXBase.h">
      <Filter>dx</Filter>
    </ClInclude>
    <ClInclude Include="dx\factory\Device.h">
      <Filter>dx\factory</Filter>
    </ClInclude>
    <ClInclude Include="dx\factory\Factory.h">
      <Filter>dx\factory</Filter>
    </ClInclude>
    <ClInclude Include="dx\factory\CommandQueue.h">
      <Filter>dx\factory</Filter>
    </ClInclude>
    <ClInclude Include="dx\factory\SwapChain.h">
      <Filter>dx\factory</Filter>
    </ClInclude>
    <ClInclude Include="dx\factory\CommandAllocator.h">
      <Filter>dx\factory</Filter>
    </ClInclude>
    <ClInclude Include="dx\factory\CommandList.h">
      <Filter>dx\factory</Filter>
    </ClInclude>
    <ClInclude Include="dx\factory\RenderTargets.h">
      <Filter>dx\factory</Filter>
    </ClInclude>
    <ClInclude Include="dx\factory\HeapRtv.h">
      <Filter>dx\factory</Filter>
    </ClInclude>
    <ClInclude Include="dx\factory\Fence.h">
      <Filter>dx\factory</Filter>
    </ClInclude>
    <ClInclude Include="dx\factory\HeapDsv.h">
      <Filter>dx\factory</Filter>
    </ClInclude>
    <ClInclude Include="dx\factory\DepthBuffer.h">
      <Filter>dx\factory</Filter>
    </ClInclude>
    <ClInclude Include="dx\factory\ComittedResource.h">
      <Filter>dx\factory</Filter>
    </ClInclude>
    <ClInclude Include="dx\factory\HeapSrv.h">
      <Filter>dx\factory</Filter>
    </ClInclude>
    <ClInclude Include="dx\renderer\Polygon.h">
      <Filter>dx\renderer</Filter>
    </ClInclude>
    <ClInclude Include="dx\shader\VertexShader.h">
      <Filter>dx\shader</Filter>
    </ClInclude>
    <ClInclude Include="dx\shader\PixelShader.h">
      <Filter>dx\shader</Filter>
    </ClInclude>
    <ClInclude Include="dx\renderer\rootsignature\RootSignature.h">
      <Filter>dx\renderer\rootsignature</Filter>
    </ClInclude>
    <ClInclude Include="dx\renderer\pipeline\PipelineState.h">
      <Filter>dx\renderer\pipeline</Filter>
    </ClInclude>
    <ClInclude Include="dx\renderer\Vertex.h">
      <Filter>dx\renderer</Filter>
    </ClInclude>
    <ClInclude Include="dx\renderer\TexturePolygon.h">
      <Filter>dx\renderer</Filter>
    </ClInclude>
    <ClInclude Include="logger\Logger.h">
      <Filter>logger</Filter>
    </ClInclude>
    <ClInclude Include="dx\CommandExecutor.h">
      <Filter>dx</Filter>
    </ClInclude>
    <ClInclude Include="dx\renderer\texture\ITexture.h">
      <Filter>dx\renderer\texture</Filter>
    </ClInclude>
    <ClInclude Include="dx\renderer\texture\Texture.h">
      <Filter>dx\renderer\texture</Filter>
    </ClInclude>
    <ClInclude Include="dx\renderer\texture\TextureBuffer.h">
      <Filter>dx\renderer\texture</Filter>
    </ClInclude>
    <ClInclude Include="dx\d3dx12.h">
      <Filter>dx</Filter>
    </ClInclude>
    <ClInclude Include="dx\renderer\IndexBuffer.h">
      <Filter>dx\renderer</Filter>
    </ClInclude>
    <ClInclude Include="dx\renderer\VertexBuffer.h">
      <Filter>dx\renderer</Filter>
    </ClInclude>
    <ClInclude Include="dx\ModelFactory.h">
      <Filter>dx</Filter>
    </ClInclude>
    <ClInclude Include="dx\renderer\IModel.h">
      <Filter>dx\renderer</Filter>
    </ClInclude>
    <ClInclude Include="dx\renderer\Vertices.h">
      <Filter>dx\renderer</Filter>
    </ClInclude>
    <ClInclude Include="dx\model\pmd.h">
      <Filter>dx\model</Filter>
    </ClInclude>
    <ClInclude Include="dx\model\IModelData.h">
      <Filter>dx\model</Filter>
    </ClInclude>
    <ClInclude Include="dx\renderer\Model.h">
      <Filter>dx\renderer</Filter>
    </ClInclude>
    <ClInclude Include="dx\model\pmx.h">
      <Filter>dx\model</Filter>
    </ClInclude>
    <ClInclude Include="dx\model\pmx\Header.h">
      <Filter>dx\model\pmx</Filter>
    </ClInclude>
    <ClInclude Include="dx\model\pmx\VertexData.h">
      <Filter>dx\model\pmx</Filter>
    </ClInclude>
    <ClInclude Include="dx\model\pmx\IWeight.h">
      <Filter>dx\model\pmx</Filter>
    </ClInclude>
    <ClInclude Include="dx\model\pmx\PmxName.h">
      <Filter>dx\model\pmx</Filter>
    </ClInclude>
    <ClInclude Include="dx\model\pmx\PmxMaterial.h">
      <Filter>dx\model\pmx</Filter>
    </ClInclude>
    <ClInclude Include="dx\model\pmx\PmxVariable.h">
      <Filter>dx\model\pmx</Filter>
    </ClInclude>
    <ClInclude Include="dx\model\pmx\PmxBone.h">
      <Filter>dx\model\pmx</Filter>
    </ClInclude>
    <ClInclude Include="dx\model\pmx\PmxMorf.h">
      <Filter>dx\model\pmx</Filter>
    </ClInclude>
    <ClInclude Include="dx\model\pmx\morf\BoneMorf.h">
      <Filter>dx\model\pmx\morf</Filter>
    </ClInclude>
    <ClInclude Include="dx\model\pmx\morf\GroupMorf.h">
      <Filter>dx\model\pmx\morf</Filter>
    </ClInclude>
    <ClInclude Include="dx\model\pmx\morf\IMorfData.h">
      <Filter>dx\model\pmx\morf</Filter>
    </ClInclude>
    <ClInclude Include="dx\model\pmx\morf\MaterialMorf.h">
      <Filter>dx\model\pmx\morf</Filter>
    </ClInclude>
    <ClInclude Include="dx\model\pmx\morf\MorfFactory.h">
      <Filter>dx\model\pmx\morf</Filter>
    </ClInclude>
    <ClInclude Include="dx\model\pmx\morf\UVMorf.h">
      <Filter>dx\model\pmx\morf</Filter>
    </ClInclude>
    <ClInclude Include="dx\model\pmx\morf\VertexMorf.h">
      <Filter>dx\model\pmx\morf</Filter>
    </ClInclude>
    <ClInclude Include="dx\model\pmx\PmxDisplayFrame.h">
      <Filter>dx\model\pmx</Filter>
    </ClInclude>
    <ClInclude Include="dx\model\pmx\PmxJoint.h">
      <Filter>dx\model\pmx</Filter>
    </ClInclude>
    <ClInclude Include="dx\model\pmx\PmxRigidBody.h">
      <Filter>dx\model\pmx</Filter>
    </ClInclude>
  </ItemGroup>
  <ItemGroup>
    <FxCompile Include="BasicVertexShader.hlsl" />
    <FxCompile Include="BasicPixelShader.hlsl" />
    <FxCompile Include="SimpleVertexShader.hlsl" />
    <FxCompile Include="SimplePixelShader.hlsl" />
  </ItemGroup>
  <ItemGroup>
    <None Include="BasicShaderHeader.hlsli" />
  </ItemGroup>
</Project>